
Microsoft Visual Studio Solution File, Format Version 12.00
# Visual Studio Version 17
VisualStudioVersion = 17.8.34525.116
MinimumVisualStudioVersion = 10.0.40219.1
Project("{FAE04EC0-301F-11D3-BF4B-00C04F79EFBC}") = "SistemaVotacion", "SistemaVotacion.csproj", "{6B292C71-51BC-4B7A-ADB2-3597D6F525D6}"
EndProject
Global
	GlobalSection(SolutionConfigurationPlatforms) = preSolution
		Debug|Any CPU = Debug|Any CPU
		Release|Any CPU = Release|Any CPU
	EndGlobalSection
	GlobalSection(ProjectConfigurationPlatforms) = postSolution
		{6B292C71-51BC-4B7A-ADB2-3597D6F525D6}.Debug|Any CPU.ActiveCfg = Debug|Any CPU
		{6B292C71-51BC-4B7A-ADB2-3597D6F525D6}.Debug|Any CPU.Build.0 = Debug|Any CPU
		{6B292C71-51BC-4B7A-ADB2-3597D6F525D6}.Release|Any CPU.ActiveCfg = Release|Any CPU
		{6B292C71-51BC-4B7A-ADB2-3597D6F525D6}.Release|Any CPU.Build.0 = Release|Any CPU
	EndGlobalSection
	GlobalSection(SolutionProperties) = preSolution
		HideSolutionNode = FALSE
	EndGlobalSection
	GlobalSection(ExtensibilityGlobals) = postSolution
		SolutionGuid = {DDC73D57-4DD6-4997-99CB-D79105F7D37F}
	EndGlobalSection
EndGlobal
